
Microsoft Visual Studio Solution File, Format Version 12.00
# Visual Studio 15
VisualStudioVersion = 15.0.27703.2047
MinimumVisualStudioVersion = 10.0.40219.1
Project("{FAE04EC0-301F-11D3-BF4B-00C04F79EFBC}") = "ResilientServices", "ResilientServices\ResilientServices.csproj", "{D03A7A91-D6E4-4C8F-882E-9C3ECF275971}"
EndProject
Global
	GlobalSection(SolutionConfigurationPlatforms) = preSolution
		Debug|Any CPU = Debug|Any CPU
		Release|Any CPU = Release|Any CPU
	EndGlobalSection
	GlobalSection(ProjectConfigurationPlatforms) = postSolution
		{D03A7A91-D6E4-4C8F-882E-9C3ECF275971}.Debug|Any CPU.ActiveCfg = Debug|Any CPU
		{D03A7A91-D6E4-4C8F-882E-9C3ECF275971}.Debug|Any CPU.Build.0 = Debug|Any CPU
		{D03A7A91-D6E4-4C8F-882E-9C3ECF275971}.Release|Any CPU.ActiveCfg = Release|Any CPU
		{D03A7A91-D6E4-4C8F-882E-9C3ECF275971}.Release|Any CPU.Build.0 = Release|Any CPU
	EndGlobalSection
	GlobalSection(SolutionProperties) = preSolution
		HideSolutionNode = FALSE
	EndGlobalSection
	GlobalSection(ExtensibilityGlobals) = postSolution
		SolutionGuid = {5A7083E7-DAE0-4B01-83AC-E663AF2A3BF2}
	EndGlobalSection
EndGlobal
