
Microsoft Visual Studio Solution File, Format Version 12.00
# Visual Studio 15
VisualStudioVersion = 15.0.27703.2047
MinimumVisualStudioVersion = 10.0.40219.1
Project("{FAE04EC0-301F-11D3-BF4B-00C04F79EFBC}") = "ResilientServices.Android", "ResilientServices\ResilientServices.Android\ResilientServices.Android.csproj", "{D121924B-1E36-4C10-AD07-FC4C951C8A32}"
EndProject
Project("{FAE04EC0-301F-11D3-BF4B-00C04F79EFBC}") = "ResilientServices.iOS", "ResilientServices\ResilientServices.iOS\ResilientServices.iOS.csproj", "{54D3A297-7A39-4F26-BE03-31CAC50AAC1B}"
EndProject
Project("{FAE04EC0-301F-11D3-BF4B-00C04F79EFBC}") = "ResilientServices", "ResilientServices\ResilientServices\ResilientServices.csproj", "{B2AB7208-C7A0-4330-8428-6D3C0A4E7EAC}"
EndProject
Global
	GlobalSection(SolutionConfigurationPlatforms) = preSolution
		Ad-Hoc|Any CPU = Ad-Hoc|Any CPU
		Ad-Hoc|iPhone = Ad-Hoc|iPhone
		Ad-Hoc|iPhoneSimulator = Ad-Hoc|iPhoneSimulator
		AppStore|Any CPU = AppStore|Any CPU
		AppStore|iPhone = AppStore|iPhone
		AppStore|iPhoneSimulator = AppStore|iPhoneSimulator
		Debug|Any CPU = Debug|Any CPU
		Debug|iPhone = Debug|iPhone
		Debug|iPhoneSimulator = Debug|iPhoneSimulator
		Release|Any CPU = Release|Any CPU
		Release|iPhone = Release|iPhone
		Release|iPhoneSimulator = Release|iPhoneSimulator
	EndGlobalSection
	GlobalSection(ProjectConfigurationPlatforms) = postSolution
		{D121924B-1E36-4C10-AD07-FC4C951C8A32}.Ad-Hoc|Any CPU.ActiveCfg = Release|Any CPU
		{D121924B-1E36-4C10-AD07-FC4C951C8A32}.Ad-Hoc|Any CPU.Build.0 = Release|Any CPU
		{D121924B-1E36-4C10-AD07-FC4C951C8A32}.Ad-Hoc|Any CPU.Deploy.0 = Release|Any CPU
		{D121924B-1E36-4C10-AD07-FC4C951C8A32}.Ad-Hoc|iPhone.ActiveCfg = Release|Any CPU
		{D121924B-1E36-4C10-AD07-FC4C951C8A32}.Ad-Hoc|iPhone.Build.0 = Release|Any CPU
		{D121924B-1E36-4C10-AD07-FC4C951C8A32}.Ad-Hoc|iPhone.Deploy.0 = Release|Any CPU
		{D121924B-1E36-4C10-AD07-FC4C951C8A32}.Ad-Hoc|iPhoneSimulator.ActiveCfg = Release|Any CPU
		{D121924B-1E36-4C10-AD07-FC4C951C8A32}.Ad-Hoc|iPhoneSimulator.Build.0 = Release|Any CPU
		{D121924B-1E36-4C10-AD07-FC4C951C8A32}.Ad-Hoc|iPhoneSimulator.Deploy.0 = Release|Any CPU
		{D121924B-1E36-4C10-AD07-FC4C951C8A32}.AppStore|Any CPU.ActiveCfg = Release|Any CPU
		{D121924B-1E36-4C10-AD07-FC4C951C8A32}.AppStore|Any CPU.Build.0 = Release|Any CPU
		{D121924B-1E36-4C10-AD07-FC4C951C8A32}.AppStore|Any CPU.Deploy.0 = Release|Any CPU
		{D121924B-1E36-4C10-AD07-FC4C951C8A32}.AppStore|iPhone.ActiveCfg = Release|Any CPU
		{D121924B-1E36-4C10-AD07-FC4C951C8A32}.AppStore|iPhone.Build.0 = Release|Any CPU
		{D121924B-1E36-4C10-AD07-FC4C951C8A32}.AppStore|iPhone.Deploy.0 = Release|Any CPU
		{D121924B-1E36-4C10-AD07-FC4C951C8A32}.AppStore|iPhoneSimulator.ActiveCfg = Release|Any CPU
		{D121924B-1E36-4C10-AD07-FC4C951C8A32}.AppStore|iPhoneSimulator.Build.0 = Release|Any CPU
		{D121924B-1E36-4C10-AD07-FC4C951C8A32}.AppStore|iPhoneSimulator.Deploy.0 = Release|Any CPU
		{D121924B-1E36-4C10-AD07-FC4C951C8A32}.Debug|Any CPU.ActiveCfg = Debug|Any CPU
		{D121924B-1E36-4C10-AD07-FC4C951C8A32}.Debug|Any CPU.Build.0 = Debug|Any CPU
		{D121924B-1E36-4C10-AD07-FC4C951C8A32}.Debug|Any CPU.Deploy.0 = Debug|Any CPU
		{D121924B-1E36-4C10-AD07-FC4C951C8A32}.Debug|iPhone.ActiveCfg = Debug|Any CPU
		{D121924B-1E36-4C10-AD07-FC4C951C8A32}.Debug|iPhone.Build.0 = Debug|Any CPU
		{D121924B-1E36-4C10-AD07-FC4C951C8A32}.Debug|iPhone.Deploy.0 = Debug|Any CPU
		{D121924B-1E36-4C10-AD07-FC4C951C8A32}.Debug|iPhoneSimulator.ActiveCfg = Debug|Any CPU
		{D121924B-1E36-4C10-AD07-FC4C951C8A32}.Debug|iPhoneSimulator.Build.0 = Debug|Any CPU
		{D121924B-1E36-4C10-AD07-FC4C951C8A32}.Debug|iPhoneSimulator.Deploy.0 = Debug|Any CPU
		{D121924B-1E36-4C10-AD07-FC4C951C8A32}.Release|Any CPU.ActiveCfg = Release|Any CPU
		{D121924B-1E36-4C10-AD07-FC4C951C8A32}.Release|Any CPU.Build.0 = Release|Any CPU
		{D121924B-1E36-4C10-AD07-FC4C951C8A32}.Release|Any CPU.Deploy.0 = Release|Any CPU
		{D121924B-1E36-4C10-AD07-FC4C951C8A32}.Release|iPhone.ActiveCfg = Release|Any CPU
		{D121924B-1E36-4C10-AD07-FC4C951C8A32}.Release|iPhone.Build.0 = Release|Any CPU
		{D121924B-1E36-4C10-AD07-FC4C951C8A32}.Release|iPhone.Deploy.0 = Release|Any CPU
		{D121924B-1E36-4C10-AD07-FC4C951C8A32}.Release|iPhoneSimulator.ActiveCfg = Release|Any CPU
		{D121924B-1E36-4C10-AD07-FC4C951C8A32}.Release|iPhoneSimulator.Build.0 = Release|Any CPU
		{D121924B-1E36-4C10-AD07-FC4C951C8A32}.Release|iPhoneSimulator.Deploy.0 = Release|Any CPU
		{54D3A297-7A39-4F26-BE03-31CAC50AAC1B}.Ad-Hoc|Any CPU.ActiveCfg = Ad-Hoc|iPhone
		{54D3A297-7A39-4F26-BE03-31CAC50AAC1B}.Ad-Hoc|iPhone.ActiveCfg = Ad-Hoc|iPhone
		{54D3A297-7A39-4F26-BE03-31CAC50AAC1B}.Ad-Hoc|iPhone.Build.0 = Ad-Hoc|iPhone
		{54D3A297-7A39-4F26-BE03-31CAC50AAC1B}.Ad-Hoc|iPhoneSimulator.ActiveCfg = Ad-Hoc|iPhoneSimulator
		{54D3A297-7A39-4F26-BE03-31CAC50AAC1B}.Ad-Hoc|iPhoneSimulator.Build.0 = Ad-Hoc|iPhoneSimulator
		{54D3A297-7A39-4F26-BE03-31CAC50AAC1B}.AppStore|Any CPU.ActiveCfg = AppStore|iPhone
		{54D3A297-7A39-4F26-BE03-31CAC50AAC1B}.AppStore|iPhone.ActiveCfg = AppStore|iPhone
		{54D3A297-7A39-4F26-BE03-31CAC50AAC1B}.AppStore|iPhone.Build.0 = AppStore|iPhone
		{54D3A297-7A39-4F26-BE03-31CAC50AAC1B}.AppStore|iPhoneSimulator.ActiveCfg = AppStore|iPhoneSimulator
		{54D3A297-7A39-4F26-BE03-31CAC50AAC1B}.AppStore|iPhoneSimulator.Build.0 = AppStore|iPhoneSimulator
		{54D3A297-7A39-4F26-BE03-31CAC50AAC1B}.Debug|Any CPU.ActiveCfg = Debug|iPhone
		{54D3A297-7A39-4F26-BE03-31CAC50AAC1B}.Debug|iPhone.ActiveCfg = Debug|iPhone
		{54D3A297-7A39-4F26-BE03-31CAC50AAC1B}.Debug|iPhone.Build.0 = Debug|iPhone
		{54D3A297-7A39-4F26-BE03-31CAC50AAC1B}.Debug|iPhoneSimulator.ActiveCfg = Debug|iPhoneSimulator
		{54D3A297-7A39-4F26-BE03-31CAC50AAC1B}.Debug|iPhoneSimulator.Build.0 = Debug|iPhoneSimulator
		{54D3A297-7A39-4F26-BE03-31CAC50AAC1B}.Release|Any CPU.ActiveCfg = Release|iPhone
		{54D3A297-7A39-4F26-BE03-31CAC50AAC1B}.Release|iPhone.ActiveCfg = Release|iPhone
		{54D3A297-7A39-4F26-BE03-31CAC50AAC1B}.Release|iPhone.Build.0 = Release|iPhone
		{54D3A297-7A39-4F26-BE03-31CAC50AAC1B}.Release|iPhoneSimulator.ActiveCfg = Release|iPhoneSimulator
		{54D3A297-7A39-4F26-BE03-31CAC50AAC1B}.Release|iPhoneSimulator.Build.0 = Release|iPhoneSimulator
		{B2AB7208-C7A0-4330-8428-6D3C0A4E7EAC}.Ad-Hoc|Any CPU.ActiveCfg = Debug|Any CPU
		{B2AB7208-C7A0-4330-8428-6D3C0A4E7EAC}.Ad-Hoc|Any CPU.Build.0 = Debug|Any CPU
		{B2AB7208-C7A0-4330-8428-6D3C0A4E7EAC}.Ad-Hoc|iPhone.ActiveCfg = Debug|Any CPU
		{B2AB7208-C7A0-4330-8428-6D3C0A4E7EAC}.Ad-Hoc|iPhone.Build.0 = Debug|Any CPU
		{B2AB7208-C7A0-4330-8428-6D3C0A4E7EAC}.Ad-Hoc|iPhoneSimulator.ActiveCfg = Debug|Any CPU
		{B2AB7208-C7A0-4330-8428-6D3C0A4E7EAC}.Ad-Hoc|iPhoneSimulator.Build.0 = Debug|Any CPU
		{B2AB7208-C7A0-4330-8428-6D3C0A4E7EAC}.AppStore|Any CPU.ActiveCfg = Debug|Any CPU
		{B2AB7208-C7A0-4330-8428-6D3C0A4E7EAC}.AppStore|Any CPU.Build.0 = Debug|Any CPU
		{B2AB7208-C7A0-4330-8428-6D3C0A4E7EAC}.AppStore|iPhone.ActiveCfg = Debug|Any CPU
		{B2AB7208-C7A0-4330-8428-6D3C0A4E7EAC}.AppStore|iPhone.Build.0 = Debug|Any CPU
		{B2AB7208-C7A0-4330-8428-6D3C0A4E7EAC}.AppStore|iPhoneSimulator.ActiveCfg = Debug|Any CPU
		{B2AB7208-C7A0-4330-8428-6D3C0A4E7EAC}.AppStore|iPhoneSimulator.Build.0 = Debug|Any CPU
		{B2AB7208-C7A0-4330-8428-6D3C0A4E7EAC}.Debug|Any CPU.ActiveCfg = Debug|Any CPU
		{B2AB7208-C7A0-4330-8428-6D3C0A4E7EAC}.Debug|Any CPU.Build.0 = Debug|Any CPU
		{B2AB7208-C7A0-4330-8428-6D3C0A4E7EAC}.Debug|iPhone.ActiveCfg = Debug|Any CPU
		{B2AB7208-C7A0-4330-8428-6D3C0A4E7EAC}.Debug|iPhone.Build.0 = Debug|Any CPU
		{B2AB7208-C7A0-4330-8428-6D3C0A4E7EAC}.Debug|iPhoneSimulator.ActiveCfg = Debug|Any CPU
		{B2AB7208-C7A0-4330-8428-6D3C0A4E7EAC}.Debug|iPhoneSimulator.Build.0 = Debug|Any CPU
		{B2AB7208-C7A0-4330-8428-6D3C0A4E7EAC}.Release|Any CPU.ActiveCfg = Release|Any CPU
		{B2AB7208-C7A0-4330-8428-6D3C0A4E7EAC}.Release|Any CPU.Build.0 = Release|Any CPU
		{B2AB7208-C7A0-4330-8428-6D3C0A4E7EAC}.Release|iPhone.ActiveCfg = Release|Any CPU
		{B2AB7208-C7A0-4330-8428-6D3C0A4E7EAC}.Release|iPhone.Build.0 = Release|Any CPU
		{B2AB7208-C7A0-4330-8428-6D3C0A4E7EAC}.Release|iPhoneSimulator.ActiveCfg = Release|Any CPU
		{B2AB7208-C7A0-4330-8428-6D3C0A4E7EAC}.Release|iPhoneSimulator.Build.0 = Release|Any CPU
	EndGlobalSection
	GlobalSection(SolutionProperties) = preSolution
		HideSolutionNode = FALSE
	EndGlobalSection
	GlobalSection(ExtensibilityGlobals) = postSolution
		SolutionGuid = {5A7083E7-DAE0-4B01-83AC-E663AF2A3BF2}
	EndGlobalSection
EndGlobal
